// !$*UTF8*$!
{
	archiveVersion = 1;
	classes = {
	};
	objectVersion = 56;
	objects = {

/* Begin PBXBuildFile section */
		453DD687A5924B2E8926F2E7 /* Pods_DemoSnapkit.framework in Frameworks */ = {isa = PBXBuildFile; fileRef = C02288B1C4E1B54B9DA0DD6E /* Pods_DemoSnapkit.framework */; };
		865B3BDA2ACE694F0033F425 /* SelectionBar.swift in Sources */ = {isa = PBXBuildFile; fileRef = 865B3BD92ACE694F0033F425 /* SelectionBar.swift */; };
		8660E5CA2ACBE9F700388E37 /* refresh.png in Resources */ = {isa = PBXBuildFile; fileRef = 8660E5C92ACBE9F700388E37 /* refresh.png */; };
		8660E5CC2ACBE9FA00388E37 /* discover.png in Resources */ = {isa = PBXBuildFile; fileRef = 8660E5CB2ACBE9FA00388E37 /* discover.png */; };
		86619B2C2ACC4DE900CA19E9 /* ObservableObject.swift in Sources */ = {isa = PBXBuildFile; fileRef = 86619B2B2ACC4DE900CA19E9 /* ObservableObject.swift */; };
		86619B302ACC6DD400CA19E9 /* ItemSelectionBar.swift in Sources */ = {isa = PBXBuildFile; fileRef = 86619B2F2ACC6DD400CA19E9 /* ItemSelectionBar.swift */; };
		86619B322ACC6FB100CA19E9 /* MainViewModel.swift in Sources */ = {isa = PBXBuildFile; fileRef = 86619B312ACC6FB100CA19E9 /* MainViewModel.swift */; };
		86619B382ACD194B00CA19E9 /* person.png in Resources */ = {isa = PBXBuildFile; fileRef = 86619B372ACD194B00CA19E9 /* person.png */; };
		86619B3A2ACD195100CA19E9 /* heart.png in Resources */ = {isa = PBXBuildFile; fileRef = 86619B392ACD195100CA19E9 /* heart.png */; };
		86619B412ACD1F2D00CA19E9 /* ViewForSelectionBar.swift in Sources */ = {isa = PBXBuildFile; fileRef = 86619B402ACD1F2D00CA19E9 /* ViewForSelectionBar.swift */; };
		86619B552ACD244100CA19E9 /* x.png in Resources */ = {isa = PBXBuildFile; fileRef = 86619B542ACD244100CA19E9 /* x.png */; };
		866958EB2AC92B12002A2F44 /* MainViewController.swift in Sources */ = {isa = PBXBuildFile; fileRef = 866958EA2AC92B12002A2F44 /* MainViewController.swift */; };
		866958F32ACAB289002A2F44 /* search.png in Resources */ = {isa = PBXBuildFile; fileRef = 866958F22ACAB289002A2F44 /* search.png */; };
		866976D02AC7E3A7003845B2 /* AppDelegate.swift in Sources */ = {isa = PBXBuildFile; fileRef = 866976CF2AC7E3A7003845B2 /* AppDelegate.swift */; };
		866976D22AC7E3A7003845B2 /* SceneDelegate.swift in Sources */ = {isa = PBXBuildFile; fileRef = 866976D12AC7E3A7003845B2 /* SceneDelegate.swift */; };
		866976D92AC7E3AA003845B2 /* Assets.xcassets in Resources */ = {isa = PBXBuildFile; fileRef = 866976D82AC7E3AA003845B2 /* Assets.xcassets */; };
		866976DC2AC7E3AA003845B2 /* LaunchScreen.storyboard in Resources */ = {isa = PBXBuildFile; fileRef = 866976DA2AC7E3AA003845B2 /* LaunchScreen.storyboard */; };
		86FAC3AD2AD5470400BC8BCD /* FlexibleWidthLayout.swift in Sources */ = {isa = PBXBuildFile; fileRef = 86FAC3AC2AD5470400BC8BCD /* FlexibleWidthLayout.swift */; };
		86FAC3AF2AD5981900BC8BCD /* Icon OCB.png in Resources */ = {isa = PBXBuildFile; fileRef = 86FAC3AE2AD5981900BC8BCD /* Icon OCB.png */; };
		86FAC3B22AD59C8C00BC8BCD /* OCBView.swift in Sources */ = {isa = PBXBuildFile; fileRef = 86FAC3B12AD59C8C00BC8BCD /* OCBView.swift */; };
		86FAC3B62AD5A45100BC8BCD /* bitexco-tower.jpeg in Resources */ = {isa = PBXBuildFile; fileRef = 86FAC3B52AD5A45100BC8BCD /* bitexco-tower.jpeg */; };
		86FAC3B82AD5A60000BC8BCD /* bitexco-ill.jpeg in Resources */ = {isa = PBXBuildFile; fileRef = 86FAC3B72AD5A60000BC8BCD /* bitexco-ill.jpeg */; };
		86FAC3BA2AD5A6E100BC8BCD /* bitexco-ill2.jpeg in Resources */ = {isa = PBXBuildFile; fileRef = 86FAC3B92AD5A6E100BC8BCD /* bitexco-ill2.jpeg */; };
		86FAC3BC2AD5A8B400BC8BCD /* church.jpeg in Resources */ = {isa = PBXBuildFile; fileRef = 86FAC3BB2AD5A8B400BC8BCD /* church.jpeg */; };
		86FAC3C42AD68C3100BC8BCD /* bell.slash@2x.png in Resources */ = {isa = PBXBuildFile; fileRef = 86FAC3BF2AD68C3100BC8BCD /* bell.slash@2x.png */; };
		86FAC3C52AD68C3100BC8BCD /* eye.slash.fill@2x.png in Resources */ = {isa = PBXBuildFile; fileRef = 86FAC3C02AD68C3100BC8BCD /* eye.slash.fill@2x.png */; };
		86FAC3C62AD68C3100BC8BCD /* eye.fill@2x.png in Resources */ = {isa = PBXBuildFile; fileRef = 86FAC3C12AD68C3100BC8BCD /* eye.fill@2x.png */; };
		86FAC3C72AD68C3100BC8BCD /* bell@2x.png in Resources */ = {isa = PBXBuildFile; fileRef = 86FAC3C22AD68C3100BC8BCD /* bell@2x.png */; };
		86FAC3C82AD68C3100BC8BCD /* greaterthan@2x.png in Resources */ = {isa = PBXBuildFile; fileRef = 86FAC3C32AD68C3100BC8BCD /* greaterthan@2x.png */; };
		86FAC3CB2AD6987700BC8BCD /* plus.circle@2x.png in Resources */ = {isa = PBXBuildFile; fileRef = 86FAC3CA2AD6987700BC8BCD /* plus.circle@2x.png */; };
		86FAC3CD2AD7B22B00BC8BCD /* next.png in Resources */ = {isa = PBXBuildFile; fileRef = 86FAC3CC2AD7B22B00BC8BCD /* next.png */; };
		86FAC3CF2AD7B4AF00BC8BCD /* right-arrow.png in Resources */ = {isa = PBXBuildFile; fileRef = 86FAC3CE2AD7B4AF00BC8BCD /* right-arrow.png */; };
		86FAC3E42AD7C3AF00BC8BCD /* Roboto-Medium.ttf in Resources */ = {isa = PBXBuildFile; fileRef = 86FAC3D22AD7C3AF00BC8BCD /* Roboto-Medium.ttf */; };
		86FAC3E52AD7C3AF00BC8BCD /* Roboto-Light.ttf in Resources */ = {isa = PBXBuildFile; fileRef = 86FAC3D32AD7C3AF00BC8BCD /* Roboto-Light.ttf */; };
		86FAC3E62AD7C3AF00BC8BCD /* Roboto-Regular.ttf in Resources */ = {isa = PBXBuildFile; fileRef = 86FAC3D42AD7C3AF00BC8BCD /* Roboto-Regular.ttf */; };
		86FAC3E72AD7C3AF00BC8BCD /* Roboto-MediumItalic.ttf in Resources */ = {isa = PBXBuildFile; fileRef = 86FAC3D52AD7C3AF00BC8BCD /* Roboto-MediumItalic.ttf */; };
		86FAC3E82AD7C3AF00BC8BCD /* Roboto-BoldCondensed.ttf in Resources */ = {isa = PBXBuildFile; fileRef = 86FAC3D62AD7C3AF00BC8BCD /* Roboto-BoldCondensed.ttf */; };
		86FAC3E92AD7C3AF00BC8BCD /* Roboto-BoldCondensedItalic.ttf in Resources */ = {isa = PBXBuildFile; fileRef = 86FAC3D72AD7C3AF00BC8BCD /* Roboto-BoldCondensedItalic.ttf */; };
		86FAC3EA2AD7C3AF00BC8BCD /* Roboto-Condensed.ttf in Resources */ = {isa = PBXBuildFile; fileRef = 86FAC3D82AD7C3AF00BC8BCD /* Roboto-Condensed.ttf */; };
		86FAC3EB2AD7C3AF00BC8BCD /* Roboto_Specimen_Book.pdf in Resources */ = {isa = PBXBuildFile; fileRef = 86FAC3D92AD7C3AF00BC8BCD /* Roboto_Specimen_Book.pdf */; };
		86FAC3EC2AD7C3AF00BC8BCD /* NOTICE.txt in Resources */ = {isa = PBXBuildFile; fileRef = 86FAC3DA2AD7C3AF00BC8BCD /* NOTICE.txt */; };
		86FAC3ED2AD7C3AF00BC8BCD /* Roboto-ThinItalic.ttf in Resources */ = {isa = PBXBuildFile; fileRef = 86FAC3DB2AD7C3AF00BC8BCD /* Roboto-ThinItalic.ttf */; };
		86FAC3EE2AD7C3AF00BC8BCD /* Roboto-BoldItalic.ttf in Resources */ = {isa = PBXBuildFile; fileRef = 86FAC3DC2AD7C3AF00BC8BCD /* Roboto-BoldItalic.ttf */; };
		86FAC3EF2AD7C3AF00BC8BCD /* Roboto-LightItalic.ttf in Resources */ = {isa = PBXBuildFile; fileRef = 86FAC3DD2AD7C3AF00BC8BCD /* Roboto-LightItalic.ttf */; };
		86FAC3F02AD7C3AF00BC8BCD /* Roboto-CondensedItalic.ttf in Resources */ = {isa = PBXBuildFile; fileRef = 86FAC3DE2AD7C3AF00BC8BCD /* Roboto-CondensedItalic.ttf */; };
		86FAC3F12AD7C3AF00BC8BCD /* Roboto-Italic.ttf in Resources */ = {isa = PBXBuildFile; fileRef = 86FAC3DF2AD7C3AF00BC8BCD /* Roboto-Italic.ttf */; };
		86FAC3F22AD7C3AF00BC8BCD /* Roboto-BlackItalic.ttf in Resources */ = {isa = PBXBuildFile; fileRef = 86FAC3E02AD7C3AF00BC8BCD /* Roboto-BlackItalic.ttf */; };
		86FAC3F32AD7C3AF00BC8BCD /* Roboto-Bold.ttf in Resources */ = {isa = PBXBuildFile; fileRef = 86FAC3E12AD7C3AF00BC8BCD /* Roboto-Bold.ttf */; };
		86FAC3F42AD7C3AF00BC8BCD /* Roboto-Thin.ttf in Resources */ = {isa = PBXBuildFile; fileRef = 86FAC3E22AD7C3AF00BC8BCD /* Roboto-Thin.ttf */; };
		86FAC3F52AD7C3AF00BC8BCD /* Roboto-Black.ttf in Resources */ = {isa = PBXBuildFile; fileRef = 86FAC3E32AD7C3AF00BC8BCD /* Roboto-Black.ttf */; };
/* End PBXBuildFile section */

/* Begin PBXFileReference section */
		865B3BD92ACE694F0033F425 /* SelectionBar.swift */ = {isa = PBXFileReference; lastKnownFileType = sourcecode.swift; path = SelectionBar.swift; sourceTree = "<group>"; };
		8660E5C92ACBE9F700388E37 /* refresh.png */ = {isa = PBXFileReference; lastKnownFileType = image.png; path = refresh.png; sourceTree = "<group>"; };
		8660E5CB2ACBE9FA00388E37 /* discover.png */ = {isa = PBXFileReference; lastKnownFileType = image.png; path = discover.png; sourceTree = "<group>"; };
		86619B2B2ACC4DE900CA19E9 /* ObservableObject.swift */ = {isa = PBXFileReference; lastKnownFileType = sourcecode.swift; path = ObservableObject.swift; sourceTree = "<group>"; };
		86619B2F2ACC6DD400CA19E9 /* ItemSelectionBar.swift */ = {isa = PBXFileReference; lastKnownFileType = sourcecode.swift; path = ItemSelectionBar.swift; sourceTree = "<group>"; };
		86619B312ACC6FB100CA19E9 /* MainViewModel.swift */ = {isa = PBXFileReference; lastKnownFileType = sourcecode.swift; path = MainViewModel.swift; sourceTree = "<group>"; };
		86619B372ACD194B00CA19E9 /* person.png */ = {isa = PBXFileReference; lastKnownFileType = image.png; path = person.png; sourceTree = "<group>"; };
		86619B392ACD195100CA19E9 /* heart.png */ = {isa = PBXFileReference; lastKnownFileType = image.png; path = heart.png; sourceTree = "<group>"; };
		86619B402ACD1F2D00CA19E9 /* ViewForSelectionBar.swift */ = {isa = PBXFileReference; lastKnownFileType = sourcecode.swift; path = ViewForSelectionBar.swift; sourceTree = "<group>"; };
		86619B542ACD244100CA19E9 /* x.png */ = {isa = PBXFileReference; lastKnownFileType = image.png; path = x.png; sourceTree = "<group>"; };
		866958EA2AC92B12002A2F44 /* MainViewController.swift */ = {isa = PBXFileReference; lastKnownFileType = sourcecode.swift; path = MainViewController.swift; sourceTree = "<group>"; };
		866958F22ACAB289002A2F44 /* search.png */ = {isa = PBXFileReference; lastKnownFileType = image.png; path = search.png; sourceTree = "<group>"; };
		866976CC2AC7E3A7003845B2 /* DemoSnapkit.app */ = {isa = PBXFileReference; explicitFileType = wrapper.application; includeInIndex = 0; path = DemoSnapkit.app; sourceTree = BUILT_PRODUCTS_DIR; };
		866976CF2AC7E3A7003845B2 /* AppDelegate.swift */ = {isa = PBXFileReference; lastKnownFileType = sourcecode.swift; path = AppDelegate.swift; sourceTree = "<group>"; };
		866976D12AC7E3A7003845B2 /* SceneDelegate.swift */ = {isa = PBXFileReference; lastKnownFileType = sourcecode.swift; path = SceneDelegate.swift; sourceTree = "<group>"; };
		866976D82AC7E3AA003845B2 /* Assets.xcassets */ = {isa = PBXFileReference; lastKnownFileType = folder.assetcatalog; path = Assets.xcassets; sourceTree = "<group>"; };
		866976DB2AC7E3AA003845B2 /* Base */ = {isa = PBXFileReference; lastKnownFileType = file.storyboard; name = Base; path = Base.lproj/LaunchScreen.storyboard; sourceTree = "<group>"; };
		866976DD2AC7E3AA003845B2 /* Info.plist */ = {isa = PBXFileReference; lastKnownFileType = text.plist.xml; path = Info.plist; sourceTree = "<group>"; };
		86FAC3AC2AD5470400BC8BCD /* FlexibleWidthLayout.swift */ = {isa = PBXFileReference; lastKnownFileType = sourcecode.swift; path = FlexibleWidthLayout.swift; sourceTree = "<group>"; };
		86FAC3AE2AD5981900BC8BCD /* Icon OCB.png */ = {isa = PBXFileReference; lastKnownFileType = image.png; path = "Icon OCB.png"; sourceTree = "<group>"; };
		86FAC3B12AD59C8C00BC8BCD /* OCBView.swift */ = {isa = PBXFileReference; lastKnownFileType = sourcecode.swift; path = OCBView.swift; sourceTree = "<group>"; };
		86FAC3B52AD5A45100BC8BCD /* bitexco-tower.jpeg */ = {isa = PBXFileReference; lastKnownFileType = image.jpeg; path = "bitexco-tower.jpeg"; sourceTree = "<group>"; };
		86FAC3B72AD5A60000BC8BCD /* bitexco-ill.jpeg */ = {isa = PBXFileReference; lastKnownFileType = image.jpeg; path = "bitexco-ill.jpeg"; sourceTree = "<group>"; };
		86FAC3B92AD5A6E100BC8BCD /* bitexco-ill2.jpeg */ = {isa = PBXFileReference; lastKnownFileType = image.jpeg; path = "bitexco-ill2.jpeg"; sourceTree = "<group>"; };
		86FAC3BB2AD5A8B400BC8BCD /* church.jpeg */ = {isa = PBXFileReference; lastKnownFileType = image.jpeg; path = church.jpeg; sourceTree = "<group>"; };
		86FAC3BF2AD68C3100BC8BCD /* bell.slash@2x.png */ = {isa = PBXFileReference; lastKnownFileType = image.png; path = "bell.slash@2x.png"; sourceTree = "<group>"; };
		86FAC3C02AD68C3100BC8BCD /* eye.slash.fill@2x.png */ = {isa = PBXFileReference; lastKnownFileType = image.png; path = "eye.slash.fill@2x.png"; sourceTree = "<group>"; };
		86FAC3C12AD68C3100BC8BCD /* eye.fill@2x.png */ = {isa = PBXFileReference; lastKnownFileType = image.png; path = "eye.fill@2x.png"; sourceTree = "<group>"; };
		86FAC3C22AD68C3100BC8BCD /* bell@2x.png */ = {isa = PBXFileReference; lastKnownFileType = image.png; path = "bell@2x.png"; sourceTree = "<group>"; };
		86FAC3C32AD68C3100BC8BCD /* greaterthan@2x.png */ = {isa = PBXFileReference; lastKnownFileType = image.png; path = "greaterthan@2x.png"; sourceTree = "<group>"; };
		86FAC3CA2AD6987700BC8BCD /* plus.circle@2x.png */ = {isa = PBXFileReference; lastKnownFileType = image.png; path = "plus.circle@2x.png"; sourceTree = "<group>"; };
		86FAC3CC2AD7B22B00BC8BCD /* next.png */ = {isa = PBXFileReference; lastKnownFileType = image.png; path = next.png; sourceTree = "<group>"; };
		86FAC3CE2AD7B4AF00BC8BCD /* right-arrow.png */ = {isa = PBXFileReference; lastKnownFileType = image.png; path = "right-arrow.png"; sourceTree = "<group>"; };
		86FAC3D22AD7C3AF00BC8BCD /* Roboto-Medium.ttf */ = {isa = PBXFileReference; lastKnownFileType = file; path = "Roboto-Medium.ttf"; sourceTree = "<group>"; };
		86FAC3D32AD7C3AF00BC8BCD /* Roboto-Light.ttf */ = {isa = PBXFileReference; lastKnownFileType = file; path = "Roboto-Light.ttf"; sourceTree = "<group>"; };
		86FAC3D42AD7C3AF00BC8BCD /* Roboto-Regular.ttf */ = {isa = PBXFileReference; lastKnownFileType = file; path = "Roboto-Regular.ttf"; sourceTree = "<group>"; };
		86FAC3D52AD7C3AF00BC8BCD /* Roboto-MediumItalic.ttf */ = {isa = PBXFileReference; lastKnownFileType = file; path = "Roboto-MediumItalic.ttf"; sourceTree = "<group>"; };
		86FAC3D62AD7C3AF00BC8BCD /* Roboto-BoldCondensed.ttf */ = {isa = PBXFileReference; lastKnownFileType = file; path = "Roboto-BoldCondensed.ttf"; sourceTree = "<group>"; };
		86FAC3D72AD7C3AF00BC8BCD /* Roboto-BoldCondensedItalic.ttf */ = {isa = PBXFileReference; lastKnownFileType = file; path = "Roboto-BoldCondensedItalic.ttf"; sourceTree = "<group>"; };
		86FAC3D82AD7C3AF00BC8BCD /* Roboto-Condensed.ttf */ = {isa = PBXFileReference; lastKnownFileType = file; path = "Roboto-Condensed.ttf"; sourceTree = "<group>"; };
		86FAC3D92AD7C3AF00BC8BCD /* Roboto_Specimen_Book.pdf */ = {isa = PBXFileReference; lastKnownFileType = image.pdf; path = Roboto_Specimen_Book.pdf; sourceTree = "<group>"; };
		86FAC3DA2AD7C3AF00BC8BCD /* NOTICE.txt */ = {isa = PBXFileReference; fileEncoding = 4; lastKnownFileType = text; path = NOTICE.txt; sourceTree = "<group>"; };
		86FAC3DB2AD7C3AF00BC8BCD /* Roboto-ThinItalic.ttf */ = {isa = PBXFileReference; lastKnownFileType = file; path = "Roboto-ThinItalic.ttf"; sourceTree = "<group>"; };
		86FAC3DC2AD7C3AF00BC8BCD /* Roboto-BoldItalic.ttf */ = {isa = PBXFileReference; lastKnownFileType = file; path = "Roboto-BoldItalic.ttf"; sourceTree = "<group>"; };
		86FAC3DD2AD7C3AF00BC8BCD /* Roboto-LightItalic.ttf */ = {isa = PBXFileReference; lastKnownFileType = file; path = "Roboto-LightItalic.ttf"; sourceTree = "<group>"; };
		86FAC3DE2AD7C3AF00BC8BCD /* Roboto-CondensedItalic.ttf */ = {isa = PBXFileReference; lastKnownFileType = file; path = "Roboto-CondensedItalic.ttf"; sourceTree = "<group>"; };
		86FAC3DF2AD7C3AF00BC8BCD /* Roboto-Italic.ttf */ = {isa = PBXFileReference; lastKnownFileType = file; path = "Roboto-Italic.ttf"; sourceTree = "<group>"; };
		86FAC3E02AD7C3AF00BC8BCD /* Roboto-BlackItalic.ttf */ = {isa = PBXFileReference; lastKnownFileType = file; path = "Roboto-BlackItalic.ttf"; sourceTree = "<group>"; };
		86FAC3E12AD7C3AF00BC8BCD /* Roboto-Bold.ttf */ = {isa = PBXFileReference; lastKnownFileType = file; path = "Roboto-Bold.ttf"; sourceTree = "<group>"; };
		86FAC3E22AD7C3AF00BC8BCD /* Roboto-Thin.ttf */ = {isa = PBXFileReference; lastKnownFileType = file; path = "Roboto-Thin.ttf"; sourceTree = "<group>"; };
		86FAC3E32AD7C3AF00BC8BCD /* Roboto-Black.ttf */ = {isa = PBXFileReference; lastKnownFileType = file; path = "Roboto-Black.ttf"; sourceTree = "<group>"; };
		96D3B80AF5435AC2BAC2F839 /* Pods-DemoSnapkit.debug.xcconfig */ = {isa = PBXFileReference; includeInIndex = 1; lastKnownFileType = text.xcconfig; name = "Pods-DemoSnapkit.debug.xcconfig"; path = "Target Support Files/Pods-DemoSnapkit/Pods-DemoSnapkit.debug.xcconfig"; sourceTree = "<group>"; };
		BC49FE3737EBC3F168FAA205 /* Pods-DemoSnapkit.release.xcconfig */ = {isa = PBXFileReference; includeInIndex = 1; lastKnownFileType = text.xcconfig; name = "Pods-DemoSnapkit.release.xcconfig"; path = "Target Support Files/Pods-DemoSnapkit/Pods-DemoSnapkit.release.xcconfig"; sourceTree = "<group>"; };
		C02288B1C4E1B54B9DA0DD6E /* Pods_DemoSnapkit.framework */ = {isa = PBXFileReference; explicitFileType = wrapper.framework; includeInIndex = 0; path = Pods_DemoSnapkit.framework; sourceTree = BUILT_PRODUCTS_DIR; };
/* End PBXFileReference section */

/* Begin PBXFrameworksBuildPhase section */
		866976C92AC7E3A7003845B2 /* Frameworks */ = {
			isa = PBXFrameworksBuildPhase;
			buildActionMask = 2147483647;
			files = (
				453DD687A5924B2E8926F2E7 /* Pods_DemoSnapkit.framework in Frameworks */,
			);
			runOnlyForDeploymentPostprocessing = 0;
		};
/* End PBXFrameworksBuildPhase section */

/* Begin PBXGroup section */
		86619B3B2ACD1E0800CA19E9 /* MainView */ = {
			isa = PBXGroup;
			children = (
				86FAC3AB2AD5465A00BC8BCD /* SelectionBar */,
				866958EA2AC92B12002A2F44 /* MainViewController.swift */,
				86619B312ACC6FB100CA19E9 /* MainViewModel.swift */,
				86619B402ACD1F2D00CA19E9 /* ViewForSelectionBar.swift */,
			);
			path = MainView;
			sourceTree = "<group>";
		};
		866976C32AC7E3A7003845B2 = {
			isa = PBXGroup;
			children = (
				866976CE2AC7E3A7003845B2 /* DemoSnapkit */,
				866976CD2AC7E3A7003845B2 /* Products */,
				FEDD8C7B5BB54AB9D50D340A /* Pods */,
				D38113B7D983B71AA24B0379 /* Frameworks */,
			);
			sourceTree = "<group>";
		};
		866976CD2AC7E3A7003845B2 /* Products */ = {
			isa = PBXGroup;
			children = (
				866976CC2AC7E3A7003845B2 /* DemoSnapkit.app */,
			);
			name = Products;
			sourceTree = "<group>";
		};
		866976CE2AC7E3A7003845B2 /* DemoSnapkit */ = {
			isa = PBXGroup;
			children = (
				86FAC3D02AD7C39F00BC8BCD /* Font */,
				86FAC3C92AD68C3E00BC8BCD /* Resources */,
				866976CF2AC7E3A7003845B2 /* AppDelegate.swift */,
				866976D12AC7E3A7003845B2 /* SceneDelegate.swift */,
				866976D82AC7E3AA003845B2 /* Assets.xcassets */,
				866976DA2AC7E3AA003845B2 /* LaunchScreen.storyboard */,
				866976DD2AC7E3AA003845B2 /* Info.plist */,
				86FAC3B02AD59C5B00BC8BCD /* OCBView */,
				86619B3B2ACD1E0800CA19E9 /* MainView */,
				86619B2B2ACC4DE900CA19E9 /* ObservableObject.swift */,
			);
			path = DemoSnapkit;
			sourceTree = "<group>";
		};
		86FAC3AB2AD5465A00BC8BCD /* SelectionBar */ = {
			isa = PBXGroup;
			children = (
				86619B2F2ACC6DD400CA19E9 /* ItemSelectionBar.swift */,
				865B3BD92ACE694F0033F425 /* SelectionBar.swift */,
				86FAC3AC2AD5470400BC8BCD /* FlexibleWidthLayout.swift */,
			);
			path = SelectionBar;
			sourceTree = "<group>";
		};
		86FAC3B02AD59C5B00BC8BCD /* OCBView */ = {
			isa = PBXGroup;
			children = (
				86FAC3B12AD59C8C00BC8BCD /* OCBView.swift */,
			);
			path = OCBView;
			sourceTree = "<group>";
		};
		86FAC3C92AD68C3E00BC8BCD /* Resources */ = {
			isa = PBXGroup;
			children = (
				866958F22ACAB289002A2F44 /* search.png */,
				8660E5C92ACBE9F700388E37 /* refresh.png */,
				8660E5CB2ACBE9FA00388E37 /* discover.png */,
				86619B372ACD194B00CA19E9 /* person.png */,
				86619B392ACD195100CA19E9 /* heart.png */,
				86FAC3AE2AD5981900BC8BCD /* Icon OCB.png */,
				86FAC3B52AD5A45100BC8BCD /* bitexco-tower.jpeg */,
				86FAC3B92AD5A6E100BC8BCD /* bitexco-ill2.jpeg */,
				86FAC3B72AD5A60000BC8BCD /* bitexco-ill.jpeg */,
				86FAC3CE2AD7B4AF00BC8BCD /* right-arrow.png */,
				86FAC3BB2AD5A8B400BC8BCD /* church.jpeg */,
				86FAC3BF2AD68C3100BC8BCD /* bell.slash@2x.png */,
				86FAC3C22AD68C3100BC8BCD /* bell@2x.png */,
				86FAC3C12AD68C3100BC8BCD /* eye.fill@2x.png */,
				86FAC3C02AD68C3100BC8BCD /* eye.slash.fill@2x.png */,
				86FAC3C32AD68C3100BC8BCD /* greaterthan@2x.png */,
				86FAC3CA2AD6987700BC8BCD /* plus.circle@2x.png */,
				86FAC3CC2AD7B22B00BC8BCD /* next.png */,
				86619B542ACD244100CA19E9 /* x.png */,
			);
			path = Resources;
			sourceTree = "<group>";
		};
		86FAC3D02AD7C39F00BC8BCD /* Font */ = {
			isa = PBXGroup;
			children = (
				86FAC3D12AD7C3AF00BC8BCD /* roboto */,
			);
			path = Font;
			sourceTree = "<group>";
		};
		86FAC3D12AD7C3AF00BC8BCD /* roboto */ = {
			isa = PBXGroup;
			children = (
				86FAC3D22AD7C3AF00BC8BCD /* Roboto-Medium.ttf */,
				86FAC3D32AD7C3AF00BC8BCD /* Roboto-Light.ttf */,
				86FAC3D42AD7C3AF00BC8BCD /* Roboto-Regular.ttf */,
				86FAC3D52AD7C3AF00BC8BCD /* Roboto-MediumItalic.ttf */,
				86FAC3D62AD7C3AF00BC8BCD /* Roboto-BoldCondensed.ttf */,
				86FAC3D72AD7C3AF00BC8BCD /* Roboto-BoldCondensedItalic.ttf */,
				86FAC3D82AD7C3AF00BC8BCD /* Roboto-Condensed.ttf */,
				86FAC3D92AD7C3AF00BC8BCD /* Roboto_Specimen_Book.pdf */,
				86FAC3DA2AD7C3AF00BC8BCD /* NOTICE.txt */,
				86FAC3DB2AD7C3AF00BC8BCD /* Roboto-ThinItalic.ttf */,
				86FAC3DC2AD7C3AF00BC8BCD /* Roboto-BoldItalic.ttf */,
				86FAC3DD2AD7C3AF00BC8BCD /* Roboto-LightItalic.ttf */,
				86FAC3DE2AD7C3AF00BC8BCD /* Roboto-CondensedItalic.ttf */,
				86FAC3DF2AD7C3AF00BC8BCD /* Roboto-Italic.ttf */,
				86FAC3E02AD7C3AF00BC8BCD /* Roboto-BlackItalic.ttf */,
				86FAC3E12AD7C3AF00BC8BCD /* Roboto-Bold.ttf */,
				86FAC3E22AD7C3AF00BC8BCD /* Roboto-Thin.ttf */,
				86FAC3E32AD7C3AF00BC8BCD /* Roboto-Black.ttf */,
			);
			path = roboto;
			sourceTree = "<group>";
		};
		D38113B7D983B71AA24B0379 /* Frameworks */ = {
			isa = PBXGroup;
			children = (
				C02288B1C4E1B54B9DA0DD6E /* Pods_DemoSnapkit.framework */,
			);
			name = Frameworks;
			sourceTree = "<group>";
		};
		FEDD8C7B5BB54AB9D50D340A /* Pods */ = {
			isa = PBXGroup;
			children = (
				96D3B80AF5435AC2BAC2F839 /* Pods-DemoSnapkit.debug.xcconfig */,
				BC49FE3737EBC3F168FAA205 /* Pods-DemoSnapkit.release.xcconfig */,
			);
			path = Pods;
			sourceTree = "<group>";
		};
/* End PBXGroup section */

/* Begin PBXNativeTarget section */
		866976CB2AC7E3A7003845B2 /* DemoSnapkit */ = {
			isa = PBXNativeTarget;
			buildConfigurationList = 866976E02AC7E3AA003845B2 /* Build configuration list for PBXNativeTarget "DemoSnapkit" */;
			buildPhases = (
				F6C6B7A110AF3FAFF7E3422E /* [CP] Check Pods Manifest.lock */,
				866976C82AC7E3A7003845B2 /* Sources */,
				866976C92AC7E3A7003845B2 /* Frameworks */,
				866976CA2AC7E3A7003845B2 /* Resources */,
				917A0D3A25E7BC9CB1BB5EF0 /* [CP] Embed Pods Frameworks */,
			);
			buildRules = (
			);
			dependencies = (
			);
			name = DemoSnapkit;
			productName = DemoSnapkit;
			productReference = 866976CC2AC7E3A7003845B2 /* DemoSnapkit.app */;
			productType = "com.apple.product-type.application";
		};
/* End PBXNativeTarget section */

/* Begin PBXProject section */
		866976C42AC7E3A7003845B2 /* Project object */ = {
			isa = PBXProject;
			attributes = {
				BuildIndependentTargetsInParallel = 1;
				LastSwiftUpdateCheck = 1500;
				LastUpgradeCheck = 1500;
				TargetAttributes = {
					866976CB2AC7E3A7003845B2 = {
						CreatedOnToolsVersion = 15.0;
					};
				};
			};
			buildConfigurationList = 866976C72AC7E3A7003845B2 /* Build configuration list for PBXProject "DemoSnapkit" */;
			compatibilityVersion = "Xcode 14.0";
			developmentRegion = en;
			hasScannedForEncodings = 0;
			knownRegions = (
				en,
				Base,
			);
			mainGroup = 866976C32AC7E3A7003845B2;
			productRefGroup = 866976CD2AC7E3A7003845B2 /* Products */;
			projectDirPath = "";
			projectRoot = "";
			targets = (
				866976CB2AC7E3A7003845B2 /* DemoSnapkit */,
			);
		};
/* End PBXProject section */

/* Begin PBXResourcesBuildPhase section */
		866976CA2AC7E3A7003845B2 /* Resources */ = {
			isa = PBXResourcesBuildPhase;
			buildActionMask = 2147483647;
			files = (
				86FAC3EC2AD7C3AF00BC8BCD /* NOTICE.txt in Resources */,
				86FAC3ED2AD7C3AF00BC8BCD /* Roboto-ThinItalic.ttf in Resources */,
				86FAC3E82AD7C3AF00BC8BCD /* Roboto-BoldCondensed.ttf in Resources */,
				86619B552ACD244100CA19E9 /* x.png in Resources */,
				86FAC3AF2AD5981900BC8BCD /* Icon OCB.png in Resources */,
				86FAC3B82AD5A60000BC8BCD /* bitexco-ill.jpeg in Resources */,
				86FAC3E52AD7C3AF00BC8BCD /* Roboto-Light.ttf in Resources */,
				86FAC3CB2AD6987700BC8BCD /* plus.circle@2x.png in Resources */,
				86FAC3EB2AD7C3AF00BC8BCD /* Roboto_Specimen_Book.pdf in Resources */,
				86FAC3BA2AD5A6E100BC8BCD /* bitexco-ill2.jpeg in Resources */,
				86FAC3EE2AD7C3AF00BC8BCD /* Roboto-BoldItalic.ttf in Resources */,
				86FAC3C62AD68C3100BC8BCD /* eye.fill@2x.png in Resources */,
				86FAC3E92AD7C3AF00BC8BCD /* Roboto-BoldCondensedItalic.ttf in Resources */,
				86FAC3CD2AD7B22B00BC8BCD /* next.png in Resources */,
				86FAC3F42AD7C3AF00BC8BCD /* Roboto-Thin.ttf in Resources */,
				86FAC3C42AD68C3100BC8BCD /* bell.slash@2x.png in Resources */,
				86FAC3E42AD7C3AF00BC8BCD /* Roboto-Medium.ttf in Resources */,
				86619B382ACD194B00CA19E9 /* person.png in Resources */,
				86FAC3EA2AD7C3AF00BC8BCD /* Roboto-Condensed.ttf in Resources */,
				86FAC3C72AD68C3100BC8BCD /* bell@2x.png in Resources */,
				86FAC3F02AD7C3AF00BC8BCD /* Roboto-CondensedItalic.ttf in Resources */,
				8660E5CC2ACBE9FA00388E37 /* discover.png in Resources */,
				866976DC2AC7E3AA003845B2 /* LaunchScreen.storyboard in Resources */,
				86FAC3C82AD68C3100BC8BCD /* greaterthan@2x.png in Resources */,
				866958F32ACAB289002A2F44 /* search.png in Resources */,
				86FAC3EF2AD7C3AF00BC8BCD /* Roboto-LightItalic.ttf in Resources */,
				86FAC3E72AD7C3AF00BC8BCD /* Roboto-MediumItalic.ttf in Resources */,
				86FAC3CF2AD7B4AF00BC8BCD /* right-arrow.png in Resources */,
				86619B3A2ACD195100CA19E9 /* heart.png in Resources */,
				86FAC3E62AD7C3AF00BC8BCD /* Roboto-Regular.ttf in Resources */,
				86FAC3BC2AD5A8B400BC8BCD /* church.jpeg in Resources */,
				866976D92AC7E3AA003845B2 /* Assets.xcassets in Resources */,
				86FAC3F32AD7C3AF00BC8BCD /* Roboto-Bold.ttf in Resources */,
				86FAC3F22AD7C3AF00BC8BCD /* Roboto-BlackItalic.ttf in Resources */,
				86FAC3B62AD5A45100BC8BCD /* bitexco-tower.jpeg in Resources */,
				86FAC3F52AD7C3AF00BC8BCD /* Roboto-Black.ttf in Resources */,
				86FAC3F12AD7C3AF00BC8BCD /* Roboto-Italic.ttf in Resources */,
				8660E5CA2ACBE9F700388E37 /* refresh.png in Resources */,
				86FAC3C52AD68C3100BC8BCD /* eye.slash.fill@2x.png in Resources */,
			);
			runOnlyForDeploymentPostprocessing = 0;
		};
/* End PBXResourcesBuildPhase section */

/* Begin PBXShellScriptBuildPhase section */
		917A0D3A25E7BC9CB1BB5EF0 /* [CP] Embed Pods Frameworks */ = {
			isa = PBXShellScriptBuildPhase;
			buildActionMask = 2147483647;
			files = (
			);
			inputFileListPaths = (
				"${PODS_ROOT}/Target Support Files/Pods-DemoSnapkit/Pods-DemoSnapkit-frameworks-${CONFIGURATION}-input-files.xcfilelist",
			);
			name = "[CP] Embed Pods Frameworks";
			outputFileListPaths = (
				"${PODS_ROOT}/Target Support Files/Pods-DemoSnapkit/Pods-DemoSnapkit-frameworks-${CONFIGURATION}-output-files.xcfilelist",
			);
			runOnlyForDeploymentPostprocessing = 0;
			shellPath = /bin/sh;
			shellScript = "\"${PODS_ROOT}/Target Support Files/Pods-DemoSnapkit/Pods-DemoSnapkit-frameworks.sh\"\n";
			showEnvVarsInLog = 0;
		};
		F6C6B7A110AF3FAFF7E3422E /* [CP] Check Pods Manifest.lock */ = {
			isa = PBXShellScriptBuildPhase;
			buildActionMask = 2147483647;
			files = (
			);
			inputFileListPaths = (
			);
			inputPaths = (
				"${PODS_PODFILE_DIR_PATH}/Podfile.lock",
				"${PODS_ROOT}/Manifest.lock",
			);
			name = "[CP] Check Pods Manifest.lock";
			outputFileListPaths = (
			);
			outputPaths = (
				"$(DERIVED_FILE_DIR)/Pods-DemoSnapkit-checkManifestLockResult.txt",
			);
			runOnlyForDeploymentPostprocessing = 0;
			shellPath = /bin/sh;
			shellScript = "diff \"${PODS_PODFILE_DIR_PATH}/Podfile.lock\" \"${PODS_ROOT}/Manifest.lock\" > /dev/null\nif [ $? != 0 ] ; then\n    # print error to STDERR\n    echo \"error: The sandbox is not in sync with the Podfile.lock. Run 'pod install' or update your CocoaPods installation.\" >&2\n    exit 1\nfi\n# This output is used by Xcode 'outputs' to avoid re-running this script phase.\necho \"SUCCESS\" > \"${SCRIPT_OUTPUT_FILE_0}\"\n";
			showEnvVarsInLog = 0;
		};
/* End PBXShellScriptBuildPhase section */

/* Begin PBXSourcesBuildPhase section */
		866976C82AC7E3A7003845B2 /* Sources */ = {
			isa = PBXSourcesBuildPhase;
			buildActionMask = 2147483647;
			files = (
				86619B412ACD1F2D00CA19E9 /* ViewForSelectionBar.swift in Sources */,
				866958EB2AC92B12002A2F44 /* MainViewController.swift in Sources */,
				86FAC3AD2AD5470400BC8BCD /* FlexibleWidthLayout.swift in Sources */,
				86619B302ACC6DD400CA19E9 /* ItemSelectionBar.swift in Sources */,
				866976D02AC7E3A7003845B2 /* AppDelegate.swift in Sources */,
				86FAC3B22AD59C8C00BC8BCD /* OCBView.swift in Sources */,
				866976D22AC7E3A7003845B2 /* SceneDelegate.swift in Sources */,
				865B3BDA2ACE694F0033F425 /* SelectionBar.swift in Sources */,
				86619B2C2ACC4DE900CA19E9 /* ObservableObject.swift in Sources */,
				86619B322ACC6FB100CA19E9 /* MainViewModel.swift in Sources */,
			);
			runOnlyForDeploymentPostprocessing = 0;
		};
/* End PBXSourcesBuildPhase section */

/* Begin PBXVariantGroup section */
		866976DA2AC7E3AA003845B2 /* LaunchScreen.storyboard */ = {
			isa = PBXVariantGroup;
			children = (
				866976DB2AC7E3AA003845B2 /* Base */,
			);
			name = LaunchScreen.storyboard;
			sourceTree = "<group>";
		};
/* End PBXVariantGroup section */

/* Begin XCBuildConfiguration section */
		866976DE2AC7E3AA003845B2 /* Debug */ = {
			isa = XCBuildConfiguration;
			buildSettings = {
				ALWAYS_SEARCH_USER_PATHS = NO;
				ASSETCATALOG_COMPILER_GENERATE_SWIFT_ASSET_SYMBOL_EXTENSIONS = YES;
				CLANG_ANALYZER_NONNULL = YES;
				CLANG_ANALYZER_NUMBER_OBJECT_CONVERSION = YES_AGGRESSIVE;
				CLANG_CXX_LANGUAGE_STANDARD = "gnu++20";
				CLANG_ENABLE_MODULES = YES;
				CLANG_ENABLE_OBJC_ARC = YES;
				CLANG_ENABLE_OBJC_WEAK = YES;
				CLANG_WARN_BLOCK_CAPTURE_AUTORELEASING = YES;
				CLANG_WARN_BOOL_CONVERSION = YES;
				CLANG_WARN_COMMA = YES;
				CLANG_WARN_CONSTANT_CONVERSION = YES;
				CLANG_WARN_DEPRECATED_OBJC_IMPLEMENTATIONS = YES;
				CLANG_WARN_DIRECT_OBJC_ISA_USAGE = YES_ERROR;
				CLANG_WARN_DOCUMENTATION_COMMENTS = YES;
				CLANG_WARN_EMPTY_BODY = YES;
				CLANG_WARN_ENUM_CONVERSION = YES;
				CLANG_WARN_INFINITE_RECURSION = YES;
				CLANG_WARN_INT_CONVERSION = YES;
				CLANG_WARN_NON_LITERAL_NULL_CONVERSION = YES;
				CLANG_WARN_OBJC_IMPLICIT_RETAIN_SELF = YES;
				CLANG_WARN_OBJC_LITERAL_CONVERSION = YES;
				CLANG_WARN_OBJC_ROOT_CLASS = YES_ERROR;
				CLANG_WARN_QUOTED_INCLUDE_IN_FRAMEWORK_HEADER = YES;
				CLANG_WARN_RANGE_LOOP_ANALYSIS = YES;
				CLANG_WARN_STRICT_PROTOTYPES = YES;
				CLANG_WARN_SUSPICIOUS_MOVE = YES;
				CLANG_WARN_UNGUARDED_AVAILABILITY = YES_AGGRESSIVE;
				CLANG_WARN_UNREACHABLE_CODE = YES;
				CLANG_WARN__DUPLICATE_METHOD_MATCH = YES;
				COPY_PHASE_STRIP = NO;
				DEBUG_INFORMATION_FORMAT = dwarf;
				ENABLE_STRICT_OBJC_MSGSEND = YES;
				ENABLE_TESTABILITY = YES;
				ENABLE_USER_SCRIPT_SANDBOXING = YES;
				GCC_C_LANGUAGE_STANDARD = gnu17;
				GCC_DYNAMIC_NO_PIC = NO;
				GCC_NO_COMMON_BLOCKS = YES;
				GCC_OPTIMIZATION_LEVEL = 0;
				GCC_PREPROCESSOR_DEFINITIONS = (
					"DEBUG=1",
					"$(inherited)",
				);
				GCC_WARN_64_TO_32_BIT_CONVERSION = YES;
				GCC_WARN_ABOUT_RETURN_TYPE = YES_ERROR;
				GCC_WARN_UNDECLARED_SELECTOR = YES;
				GCC_WARN_UNINITIALIZED_AUTOS = YES_AGGRESSIVE;
				GCC_WARN_UNUSED_FUNCTION = YES;
				GCC_WARN_UNUSED_VARIABLE = YES;
				IPHONEOS_DEPLOYMENT_TARGET = 17.0;
				LOCALIZATION_PREFERS_STRING_CATALOGS = YES;
				MTL_ENABLE_DEBUG_INFO = INCLUDE_SOURCE;
				MTL_FAST_MATH = YES;
				ONLY_ACTIVE_ARCH = YES;
				SDKROOT = iphoneos;
				SWIFT_ACTIVE_COMPILATION_CONDITIONS = "DEBUG $(inherited)";
				SWIFT_OPTIMIZATION_LEVEL = "-Onone";
			};
			name = Debug;
		};
		866976DF2AC7E3AA003845B2 /* Release */ = {
			isa = XCBuildConfiguration;
			buildSettings = {
				ALWAYS_SEARCH_USER_PATHS = NO;
				ASSETCATALOG_COMPILER_GENERATE_SWIFT_ASSET_SYMBOL_EXTENSIONS = YES;
				CLANG_ANALYZER_NONNULL = YES;
				CLANG_ANALYZER_NUMBER_OBJECT_CONVERSION = YES_AGGRESSIVE;
				CLANG_CXX_LANGUAGE_STANDARD = "gnu++20";
				CLANG_ENABLE_MODULES = YES;
				CLANG_ENABLE_OBJC_ARC = YES;
				CLANG_ENABLE_OBJC_WEAK = YES;
				CLANG_WARN_BLOCK_CAPTURE_AUTORELEASING = YES;
				CLANG_WARN_BOOL_CONVERSION = YES;
				CLANG_WARN_COMMA = YES;
				CLANG_WARN_CONSTANT_CONVERSION = YES;
				CLANG_WARN_DEPRECATED_OBJC_IMPLEMENTATIONS = YES;
				CLANG_WARN_DIRECT_OBJC_ISA_USAGE = YES_ERROR;
				CLANG_WARN_DOCUMENTATION_COMMENTS = YES;
				CLANG_WARN_EMPTY_BODY = YES;
				CLANG_WARN_ENUM_CONVERSION = YES;
				CLANG_WARN_INFINITE_RECURSION = YES;
				CLANG_WARN_INT_CONVERSION = YES;
				CLANG_WARN_NON_LITERAL_NULL_CONVERSION = YES;
				CLANG_WARN_OBJC_IMPLICIT_RETAIN_SELF = YES;
				CLANG_WARN_OBJC_LITERAL_CONVERSION = YES;
				CLANG_WARN_OBJC_ROOT_CLASS = YES_ERROR;
				CLANG_WARN_QUOTED_INCLUDE_IN_FRAMEWORK_HEADER = YES;
				CLANG_WARN_RANGE_LOOP_ANALYSIS = YES;
				CLANG_WARN_STRICT_PROTOTYPES = YES;
				CLANG_WARN_SUSPICIOUS_MOVE = YES;
				CLANG_WARN_UNGUARDED_AVAILABILITY = YES_AGGRESSIVE;
				CLANG_WARN_UNREACHABLE_CODE = YES;
				CLANG_WARN__DUPLICATE_METHOD_MATCH = YES;
				COPY_PHASE_STRIP = NO;
				DEBUG_INFORMATION_FORMAT = "dwarf-with-dsym";
				ENABLE_NS_ASSERTIONS = NO;
				ENABLE_STRICT_OBJC_MSGSEND = YES;
				ENABLE_USER_SCRIPT_SANDBOXING = YES;
				GCC_C_LANGUAGE_STANDARD = gnu17;
				GCC_NO_COMMON_BLOCKS = YES;
				GCC_WARN_64_TO_32_BIT_CONVERSION = YES;
				GCC_WARN_ABOUT_RETURN_TYPE = YES_ERROR;
				GCC_WARN_UNDECLARED_SELECTOR = YES;
				GCC_WARN_UNINITIALIZED_AUTOS = YES_AGGRESSIVE;
				GCC_WARN_UNUSED_FUNCTION = YES;
				GCC_WARN_UNUSED_VARIABLE = YES;
				IPHONEOS_DEPLOYMENT_TARGET = 17.0;
				LOCALIZATION_PREFERS_STRING_CATALOGS = YES;
				MTL_ENABLE_DEBUG_INFO = NO;
				MTL_FAST_MATH = YES;
				SDKROOT = iphoneos;
				SWIFT_COMPILATION_MODE = wholemodule;
				VALIDATE_PRODUCT = YES;
			};
			name = Release;
		};
		866976E12AC7E3AA003845B2 /* Debug */ = {
			isa = XCBuildConfiguration;
			baseConfigurationReference = 96D3B80AF5435AC2BAC2F839 /* Pods-DemoSnapkit.debug.xcconfig */;
			buildSettings = {
				ASSETCATALOG_COMPILER_APPICON_NAME = AppIcon;
				ASSETCATALOG_COMPILER_GLOBAL_ACCENT_COLOR_NAME = AccentColor;
				CODE_SIGN_STYLE = Automatic;
				CURRENT_PROJECT_VERSION = 1;
				ENABLE_USER_SCRIPT_SANDBOXING = NO;
				GENERATE_INFOPLIST_FILE = YES;
				INFOPLIST_FILE = DemoSnapkit/Info.plist;
				INFOPLIST_KEY_UIApplicationSupportsIndirectInputEvents = YES;
				INFOPLIST_KEY_UILaunchStoryboardName = LaunchScreen;
				INFOPLIST_KEY_UISupportedInterfaceOrientations_iPad = "UIInterfaceOrientationPortrait UIInterfaceOrientationPortraitUpsideDown UIInterfaceOrientationLandscapeLeft UIInterfaceOrientationLandscapeRight";
				INFOPLIST_KEY_UISupportedInterfaceOrientations_iPhone = "UIInterfaceOrientationPortrait UIInterfaceOrientationLandscapeLeft UIInterfaceOrientationLandscapeRight";
				LD_RUNPATH_SEARCH_PATHS = (
					"$(inherited)",
					"@executable_path/Frameworks",
				);
				MARKETING_VERSION = 1.0;
				PRODUCT_BUNDLE_IDENTIFIER = philong.com.DemoSnapkit;
				PRODUCT_NAME = "$(TARGET_NAME)";
				SWIFT_EMIT_LOC_STRINGS = YES;
				SWIFT_VERSION = 5.0;
				TARGETED_DEVICE_FAMILY = "1,2";
			};
			name = Debug;
		};
		866976E22AC7E3AA003845B2 /* Release */ = {
			isa = XCBuildConfiguration;
			baseConfigurationReference = BC49FE3737EBC3F168FAA205 /* Pods-DemoSnapkit.release.xcconfig */;
			buildSettings = {
				ASSETCATALOG_COMPILER_APPICON_NAME = AppIcon;
				ASSETCATALOG_COMPILER_GLOBAL_ACCENT_COLOR_NAME = AccentColor;
				CODE_SIGN_STYLE = Automatic;
				CURRENT_PROJECT_VERSION = 1;
				ENABLE_USER_SCRIPT_SANDBOXING = NO;
				GENERATE_INFOPLIST_FILE = YES;
				INFOPLIST_FILE = DemoSnapkit/Info.plist;
				INFOPLIST_KEY_UIApplicationSupportsIndirectInputEvents = YES;
				INFOPLIST_KEY_UILaunchStoryboardName = LaunchScreen;
				INFOPLIST_KEY_UISupportedInterfaceOrientations_iPad = "UIInterfaceOrientationPortrait UIInterfaceOrientationPortraitUpsideDown UIInterfaceOrientationLandscapeLeft UIInterfaceOrientationLandscapeRight";
				INFOPLIST_KEY_UISupportedInterfaceOrientations_iPhone = "UIInterfaceOrientationPortrait UIInterfaceOrientationLandscapeLeft UIInterfaceOrientationLandscapeRight";
				LD_RUNPATH_SEARCH_PATHS = (
					"$(inherited)",
					"@executable_path/Frameworks",
				);
				MARKETING_VERSION = 1.0;
				PRODUCT_BUNDLE_IDENTIFIER = philong.com.DemoSnapkit;
				PRODUCT_NAME = "$(TARGET_NAME)";
				SWIFT_EMIT_LOC_STRINGS = YES;
				SWIFT_VERSION = 5.0;
				TARGETED_DEVICE_FAMILY = "1,2";
			};
			name = Release;
		};
/* End XCBuildConfiguration section */

/* Begin XCConfigurationList section */
		866976C72AC7E3A7003845B2 /* Build configuration list for PBXProject "DemoSnapkit" */ = {
			isa = XCConfigurationList;
			buildConfigurations = (
				866976DE2AC7E3AA003845B2 /* Debug */,
				866976DF2AC7E3AA003845B2 /* Release */,
			);
			defaultConfigurationIsVisible = 0;
			defaultConfigurationName = Release;
		};
		866976E02AC7E3AA003845B2 /* Build configuration list for PBXNativeTarget "DemoSnapkit" */ = {
			isa = XCConfigurationList;
			buildConfigurations = (
				866976E12AC7E3AA003845B2 /* Debug */,
				866976E22AC7E3AA003845B2 /* Release */,
			);
			defaultConfigurationIsVisible = 0;
			defaultConfigurationName = Release;
		};
/* End XCConfigurationList section */
	};
	rootObject = 866976C42AC7E3A7003845B2 /* Project object */;
}
